// !$*UTF8*$!
{
	archiveVersion = 1;
	classes = {
	};
	objectVersion = 55;
	objects = {

/* Begin PBXBuildFile section */
		772A6AEE28D0DCD800F766A3 /* NotesTableViewController.swift in Sources */ = {isa = PBXBuildFile; fileRef = 772A6AED28D0DCD800F766A3 /* NotesTableViewController.swift */; };
		772A6AF028D0E0F800F766A3 /* NoteViewController.swift in Sources */ = {isa = PBXBuildFile; fileRef = 772A6AEF28D0E0F800F766A3 /* NoteViewController.swift */; };
		772A6AF228D0E35A00F766A3 /* Note.swift in Sources */ = {isa = PBXBuildFile; fileRef = 772A6AF128D0E35A00F766A3 /* Note.swift */; };
		77A1144428D0F09400851DBA /* Folder.swift in Sources */ = {isa = PBXBuildFile; fileRef = 77A1144328D0F09400851DBA /* Folder.swift */; };
		77A1144828D1009500851DBA /* FoldersTableViewController.swift in Sources */ = {isa = PBXBuildFile; fileRef = 77A1144728D1009500851DBA /* FoldersTableViewController.swift */; };
		77DD44E728D0CA32003B455A /* AppDelegate.swift in Sources */ = {isa = PBXBuildFile; fileRef = 77DD44E628D0CA32003B455A /* AppDelegate.swift */; };
		77DD44E928D0CA32003B455A /* SceneDelegate.swift in Sources */ = {isa = PBXBuildFile; fileRef = 77DD44E828D0CA32003B455A /* SceneDelegate.swift */; };
		77DD44EB28D0CA32003B455A /* ViewController.swift in Sources */ = {isa = PBXBuildFile; fileRef = 77DD44EA28D0CA32003B455A /* ViewController.swift */; };
		77DD44EE28D0CA32003B455A /* Main.storyboard in Resources */ = {isa = PBXBuildFile; fileRef = 77DD44EC28D0CA32003B455A /* Main.storyboard */; };
		77DD44F128D0CA32003B455A /* MyCustomNotes.xcdatamodeld in Sources */ = {isa = PBXBuildFile; fileRef = 77DD44EF28D0CA32003B455A /* MyCustomNotes.xcdatamodeld */; };
		77DD44F328D0CA35003B455A /* Assets.xcassets in Resources */ = {isa = PBXBuildFile; fileRef = 77DD44F228D0CA35003B455A /* Assets.xcassets */; };
		77DD44F628D0CA35003B455A /* LaunchScreen.storyboard in Resources */ = {isa = PBXBuildFile; fileRef = 77DD44F428D0CA35003B455A /* LaunchScreen.storyboard */; };
		77DD44FF28D0CB20003B455A /* CoreDataManager.swift in Sources */ = {isa = PBXBuildFile; fileRef = 77DD44FE28D0CB20003B455A /* CoreDataManager.swift */; };
/* End PBXBuildFile section */

/* Begin PBXFileReference section */
		772A6AED28D0DCD800F766A3 /* NotesTableViewController.swift */ = {isa = PBXFileReference; lastKnownFileType = sourcecode.swift; path = NotesTableViewController.swift; sourceTree = "<group>"; };
		772A6AEF28D0E0F800F766A3 /* NoteViewController.swift */ = {isa = PBXFileReference; lastKnownFileType = sourcecode.swift; path = NoteViewController.swift; sourceTree = "<group>"; };
		772A6AF128D0E35A00F766A3 /* Note.swift */ = {isa = PBXFileReference; lastKnownFileType = sourcecode.swift; path = Note.swift; sourceTree = "<group>"; };
		77A1144328D0F09400851DBA /* Folder.swift */ = {isa = PBXFileReference; lastKnownFileType = sourcecode.swift; path = Folder.swift; sourceTree = "<group>"; };
		77A1144728D1009500851DBA /* FoldersTableViewController.swift */ = {isa = PBXFileReference; lastKnownFileType = sourcecode.swift; path = FoldersTableViewController.swift; sourceTree = "<group>"; };
		77DD44E328D0CA32003B455A /* MyCustomNotes.app */ = {isa = PBXFileReference; explicitFileType = wrapper.application; includeInIndex = 0; path = MyCustomNotes.app; sourceTree = BUILT_PRODUCTS_DIR; };
		77DD44E628D0CA32003B455A /* AppDelegate.swift */ = {isa = PBXFileReference; lastKnownFileType = sourcecode.swift; path = AppDelegate.swift; sourceTree = "<group>"; };
		77DD44E828D0CA32003B455A /* SceneDelegate.swift */ = {isa = PBXFileReference; lastKnownFileType = sourcecode.swift; path = SceneDelegate.swift; sourceTree = "<group>"; };
		77DD44EA28D0CA32003B455A /* ViewController.swift */ = {isa = PBXFileReference; lastKnownFileType = sourcecode.swift; path = ViewController.swift; sourceTree = "<group>"; };
		77DD44ED28D0CA32003B455A /* Base */ = {isa = PBXFileReference; lastKnownFileType = file.storyboard; name = Base; path = Base.lproj/Main.storyboard; sourceTree = "<group>"; };
		77DD44F028D0CA32003B455A /* MyCustomNotes.xcdatamodel */ = {isa = PBXFileReference; lastKnownFileType = wrapper.xcdatamodel; path = MyCustomNotes.xcdatamodel; sourceTree = "<group>"; };
		77DD44F228D0CA35003B455A /* Assets.xcassets */ = {isa = PBXFileReference; lastKnownFileType = folder.assetcatalog; path = Assets.xcassets; sourceTree = "<group>"; };
		77DD44F528D0CA35003B455A /* Base */ = {isa = PBXFileReference; lastKnownFileType = file.storyboard; name = Base; path = Base.lproj/LaunchScreen.storyboard; sourceTree = "<group>"; };
		77DD44F728D0CA35003B455A /* Info.plist */ = {isa = PBXFileReference; lastKnownFileType = text.plist.xml; path = Info.plist; sourceTree = "<group>"; };
		77DD44FE28D0CB20003B455A /* CoreDataManager.swift */ = {isa = PBXFileReference; lastKnownFileType = sourcecode.swift; path = CoreDataManager.swift; sourceTree = "<group>"; };
/* End PBXFileReference section */

/* Begin PBXFrameworksBuildPhase section */
		77DD44E028D0CA32003B455A /* Frameworks */ = {
			isa = PBXFrameworksBuildPhase;
			buildActionMask = 2147483647;
			files = (
			);
			runOnlyForDeploymentPostprocessing = 0;
		};
/* End PBXFrameworksBuildPhase section */

/* Begin PBXGroup section */
		77DD44DA28D0CA32003B455A = {
			isa = PBXGroup;
			children = (
				77DD44E528D0CA32003B455A /* MyCustomNotes */,
				77DD44E428D0CA32003B455A /* Products */,
			);
			sourceTree = "<group>";
		};
		77DD44E428D0CA32003B455A /* Products */ = {
			isa = PBXGroup;
			children = (
				77DD44E328D0CA32003B455A /* MyCustomNotes.app */,
			);
			name = Products;
			sourceTree = "<group>";
		};
		77DD44E528D0CA32003B455A /* MyCustomNotes */ = {
			isa = PBXGroup;
			children = (
				77DD44E628D0CA32003B455A /* AppDelegate.swift */,
				77DD44E828D0CA32003B455A /* SceneDelegate.swift */,
				77DD44EA28D0CA32003B455A /* ViewController.swift */,
				77DD44FD28D0CAB8003B455A /* CoreData */,
				77DD44EC28D0CA32003B455A /* Main.storyboard */,
				77DD44F228D0CA35003B455A /* Assets.xcassets */,
				77DD44F428D0CA35003B455A /* LaunchScreen.storyboard */,
				77DD44F728D0CA35003B455A /* Info.plist */,
				772A6AED28D0DCD800F766A3 /* NotesTableViewController.swift */,
				772A6AEF28D0E0F800F766A3 /* NoteViewController.swift */,
				77A1144728D1009500851DBA /* FoldersTableViewController.swift */,
			);
			path = MyCustomNotes;
			sourceTree = "<group>";
		};
		77DD44FD28D0CAB8003B455A /* CoreData */ = {
			isa = PBXGroup;
			children = (
				77DD44EF28D0CA32003B455A /* MyCustomNotes.xcdatamodeld */,
				77DD44FE28D0CB20003B455A /* CoreDataManager.swift */,
				772A6AF128D0E35A00F766A3 /* Note.swift */,
				77A1144328D0F09400851DBA /* Folder.swift */,
			);
			path = CoreData;
			sourceTree = "<group>";
		};
/* End PBXGroup section */

/* Begin PBXNativeTarget section */
		77DD44E228D0CA32003B455A /* MyCustomNotes */ = {
			isa = PBXNativeTarget;
			buildConfigurationList = 77DD44FA28D0CA35003B455A /* Build configuration list for PBXNativeTarget "MyCustomNotes" */;
			buildPhases = (
				77DD44DF28D0CA32003B455A /* Sources */,
				77DD44E028D0CA32003B455A /* Frameworks */,
				77DD44E128D0CA32003B455A /* Resources */,
			);
			buildRules = (
			);
			dependencies = (
			);
			name = MyCustomNotes;
			productName = MyCustomNotes;
			productReference = 77DD44E328D0CA32003B455A /* MyCustomNotes.app */;
			productType = "com.apple.product-type.application";
		};
/* End PBXNativeTarget section */

/* Begin PBXProject section */
		77DD44DB28D0CA32003B455A /* Project object */ = {
			isa = PBXProject;
			attributes = {
				BuildIndependentTargetsInParallel = 1;
				LastSwiftUpdateCheck = 1340;
				LastUpgradeCheck = 1340;
				TargetAttributes = {
					77DD44E228D0CA32003B455A = {
						CreatedOnToolsVersion = 13.4.1;
					};
				};
			};
			buildConfigurationList = 77DD44DE28D0CA32003B455A /* Build configuration list for PBXProject "MyCustomNotes" */;
			compatibilityVersion = "Xcode 13.0";
			developmentRegion = en;
			hasScannedForEncodings = 0;
			knownRegions = (
				en,
				Base,
			);
			mainGroup = 77DD44DA28D0CA32003B455A;
			productRefGroup = 77DD44E428D0CA32003B455A /* Products */;
			projectDirPath = "";
			projectRoot = "";
			targets = (
				77DD44E228D0CA32003B455A /* MyCustomNotes */,
			);
		};
/* End PBXProject section */

/* Begin PBXResourcesBuildPhase section */
		77DD44E128D0CA32003B455A /* Resources */ = {
			isa = PBXResourcesBuildPhase;
			buildActionMask = 2147483647;
			files = (
				77DD44F628D0CA35003B455A /* LaunchScreen.storyboard in Resources */,
				77DD44F328D0CA35003B455A /* Assets.xcassets in Resources */,
				77DD44EE28D0CA32003B455A /* Main.storyboard in Resources */,
			);
			runOnlyForDeploymentPostprocessing = 0;
		};
/* End PBXResourcesBuildPhase section */

/* Begin PBXSourcesBuildPhase section */
		77DD44DF28D0CA32003B455A /* Sources */ = {
			isa = PBXSourcesBuildPhase;
			buildActionMask = 2147483647;
			files = (
				77A1144828D1009500851DBA /* FoldersTableViewController.swift in Sources */,
				772A6AF028D0E0F800F766A3 /* NoteViewController.swift in Sources */,
				77DD44F128D0CA32003B455A /* MyCustomNotes.xcdatamodeld in Sources */,
				77DD44EB28D0CA32003B455A /* ViewController.swift in Sources */,
				772A6AF228D0E35A00F766A3 /* Note.swift in Sources */,
				77DD44E728D0CA32003B455A /* AppDelegate.swift in Sources */,
				77DD44FF28D0CB20003B455A /* CoreDataManager.swift in Sources */,
				77DD44E928D0CA32003B455A /* SceneDelegate.swift in Sources */,
				772A6AEE28D0DCD800F766A3 /* NotesTableViewController.swift in Sources */,
				77A1144428D0F09400851DBA /* Folder.swift in Sources */,
			);
			runOnlyForDeploymentPostprocessing = 0;
		};
/* End PBXSourcesBuildPhase section */

/* Begin PBXVariantGroup section */
		77DD44EC28D0CA32003B455A /* Main.storyboard */ = {
			isa = PBXVariantGroup;
			children = (
				77DD44ED28D0CA32003B455A /* Base */,
			);
			name = Main.storyboard;
			sourceTree = "<group>";
		};
		77DD44F428D0CA35003B455A /* LaunchScreen.storyboard */ = {
			isa = PBXVariantGroup;
			children = (
				77DD44F528D0CA35003B455A /* Base */,
			);
			name = LaunchScreen.storyboard;
			sourceTree = "<group>";
		};
/* End PBXVariantGroup section */

/* Begin XCBuildConfiguration section */
		77DD44F828D0CA35003B455A /* Debug */ = {
			isa = XCBuildConfiguration;
			buildSettings = {
				ALWAYS_SEARCH_USER_PATHS = NO;
				CLANG_ANALYZER_NONNULL = YES;
				CLANG_ANALYZER_NUMBER_OBJECT_CONVERSION = YES_AGGRESSIVE;
				CLANG_CXX_LANGUAGE_STANDARD = "gnu++17";
				CLANG_ENABLE_MODULES = YES;
				CLANG_ENABLE_OBJC_ARC = YES;
				CLANG_ENABLE_OBJC_WEAK = YES;
				CLANG_WARN_BLOCK_CAPTURE_AUTORELEASING = YES;
				CLANG_WARN_BOOL_CONVERSION = YES;
				CLANG_WARN_COMMA = YES;
				CLANG_WARN_CONSTANT_CONVERSION = YES;
				CLANG_WARN_DEPRECATED_OBJC_IMPLEMENTATIONS = YES;
				CLANG_WARN_DIRECT_OBJC_ISA_USAGE = YES_ERROR;
				CLANG_WARN_DOCUMENTATION_COMMENTS = YES;
				CLANG_WARN_EMPTY_BODY = YES;
				CLANG_WARN_ENUM_CONVERSION = YES;
				CLANG_WARN_INFINITE_RECURSION = YES;
				CLANG_WARN_INT_CONVERSION = YES;
				CLANG_WARN_NON_LITERAL_NULL_CONVERSION = YES;
				CLANG_WARN_OBJC_IMPLICIT_RETAIN_SELF = YES;
				CLANG_WARN_OBJC_LITERAL_CONVERSION = YES;
				CLANG_WARN_OBJC_ROOT_CLASS = YES_ERROR;
				CLANG_WARN_QUOTED_INCLUDE_IN_FRAMEWORK_HEADER = YES;
				CLANG_WARN_RANGE_LOOP_ANALYSIS = YES;
				CLANG_WARN_STRICT_PROTOTYPES = YES;
				CLANG_WARN_SUSPICIOUS_MOVE = YES;
				CLANG_WARN_UNGUARDED_AVAILABILITY = YES_AGGRESSIVE;
				CLANG_WARN_UNREACHABLE_CODE = YES;
				CLANG_WARN__DUPLICATE_METHOD_MATCH = YES;
				COPY_PHASE_STRIP = NO;
				DEBUG_INFORMATION_FORMAT = dwarf;
				ENABLE_STRICT_OBJC_MSGSEND = YES;
				ENABLE_TESTABILITY = YES;
				GCC_C_LANGUAGE_STANDARD = gnu11;
				GCC_DYNAMIC_NO_PIC = NO;
				GCC_NO_COMMON_BLOCKS = YES;
				GCC_OPTIMIZATION_LEVEL = 0;
				GCC_PREPROCESSOR_DEFINITIONS = (
					"DEBUG=1",
					"$(inherited)",
				);
				GCC_WARN_64_TO_32_BIT_CONVERSION = YES;
				GCC_WARN_ABOUT_RETURN_TYPE = YES_ERROR;
				GCC_WARN_UNDECLARED_SELECTOR = YES;
				GCC_WARN_UNINITIALIZED_AUTOS = YES_AGGRESSIVE;
				GCC_WARN_UNUSED_FUNCTION = YES;
				GCC_WARN_UNUSED_VARIABLE = YES;
				IPHONEOS_DEPLOYMENT_TARGET = 15.5;
				MTL_ENABLE_DEBUG_INFO = INCLUDE_SOURCE;
				MTL_FAST_MATH = YES;
				ONLY_ACTIVE_ARCH = YES;
				SDKROOT = iphoneos;
				SWIFT_ACTIVE_COMPILATION_CONDITIONS = DEBUG;
				SWIFT_OPTIMIZATION_LEVEL = "-Onone";
			};
			name = Debug;
		};
		77DD44F928D0CA35003B455A /* Release */ = {
			isa = XCBuildConfiguration;
			buildSettings = {
				ALWAYS_SEARCH_USER_PATHS = NO;
				CLANG_ANALYZER_NONNULL = YES;
				CLANG_ANALYZER_NUMBER_OBJECT_CONVERSION = YES_AGGRESSIVE;
				CLANG_CXX_LANGUAGE_STANDARD = "gnu++17";
				CLANG_ENABLE_MODULES = YES;
				CLANG_ENABLE_OBJC_ARC = YES;
				CLANG_ENABLE_OBJC_WEAK = YES;
				CLANG_WARN_BLOCK_CAPTURE_AUTORELEASING = YES;
				CLANG_WARN_BOOL_CONVERSION = YES;
				CLANG_WARN_COMMA = YES;
				CLANG_WARN_CONSTANT_CONVERSION = YES;
				CLANG_WARN_DEPRECATED_OBJC_IMPLEMENTATIONS = YES;
				CLANG_WARN_DIRECT_OBJC_ISA_USAGE = YES_ERROR;
				CLANG_WARN_DOCUMENTATION_COMMENTS = YES;
				CLANG_WARN_EMPTY_BODY = YES;
				CLANG_WARN_ENUM_CONVERSION = YES;
				CLANG_WARN_INFINITE_RECURSION = YES;
				CLANG_WARN_INT_CONVERSION = YES;
				CLANG_WARN_NON_LITERAL_NULL_CONVERSION = YES;
				CLANG_WARN_OBJC_IMPLICIT_RETAIN_SELF = YES;
				CLANG_WARN_OBJC_LITERAL_CONVERSION = YES;
				CLANG_WARN_OBJC_ROOT_CLASS = YES_ERROR;
				CLANG_WARN_QUOTED_INCLUDE_IN_FRAMEWORK_HEADER = YES;
				CLANG_WARN_RANGE_LOOP_ANALYSIS = YES;
				CLANG_WARN_STRICT_PROTOTYPES = YES;
				CLANG_WARN_SUSPICIOUS_MOVE = YES;
				CLANG_WARN_UNGUARDED_AVAILABILITY = YES_AGGRESSIVE;
				CLANG_WARN_UNREACHABLE_CODE = YES;
				CLANG_WARN__DUPLICATE_METHOD_MATCH = YES;
				COPY_PHASE_STRIP = NO;
				DEBUG_INFORMATION_FORMAT = "dwarf-with-dsym";
				ENABLE_NS_ASSERTIONS = NO;
				ENABLE_STRICT_OBJC_MSGSEND = YES;
				GCC_C_LANGUAGE_STANDARD = gnu11;
				GCC_NO_COMMON_BLOCKS = YES;
				GCC_WARN_64_TO_32_BIT_CONVERSION = YES;
				GCC_WARN_ABOUT_RETURN_TYPE = YES_ERROR;
				GCC_WARN_UNDECLARED_SELECTOR = YES;
				GCC_WARN_UNINITIALIZED_AUTOS = YES_AGGRESSIVE;
				GCC_WARN_UNUSED_FUNCTION = YES;
				GCC_WARN_UNUSED_VARIABLE = YES;
				IPHONEOS_DEPLOYMENT_TARGET = 15.5;
				MTL_ENABLE_DEBUG_INFO = NO;
				MTL_FAST_MATH = YES;
				SDKROOT = iphoneos;
				SWIFT_COMPILATION_MODE = wholemodule;
				SWIFT_OPTIMIZATION_LEVEL = "-O";
				VALIDATE_PRODUCT = YES;
			};
			name = Release;
		};
		77DD44FB28D0CA35003B455A /* Debug */ = {
			isa = XCBuildConfiguration;
			buildSettings = {
				ASSETCATALOG_COMPILER_APPICON_NAME = AppIcon;
				ASSETCATALOG_COMPILER_GLOBAL_ACCENT_COLOR_NAME = AccentColor;
				CODE_SIGN_STYLE = Automatic;
				CURRENT_PROJECT_VERSION = 1;
				DEVELOPMENT_TEAM = D2W2A64UR5;
				GENERATE_INFOPLIST_FILE = YES;
				INFOPLIST_FILE = MyCustomNotes/Info.plist;
				INFOPLIST_KEY_UIApplicationSupportsIndirectInputEvents = YES;
				INFOPLIST_KEY_UILaunchStoryboardName = LaunchScreen;
				INFOPLIST_KEY_UIMainStoryboardFile = Main;
				INFOPLIST_KEY_UISupportedInterfaceOrientations_iPad = "UIInterfaceOrientationPortrait UIInterfaceOrientationPortraitUpsideDown UIInterfaceOrientationLandscapeLeft UIInterfaceOrientationLandscapeRight";
				INFOPLIST_KEY_UISupportedInterfaceOrientations_iPhone = "UIInterfaceOrientationPortrait UIInterfaceOrientationLandscapeLeft UIInterfaceOrientationLandscapeRight";
				LD_RUNPATH_SEARCH_PATHS = (
					"$(inherited)",
					"@executable_path/Frameworks",
				);
				MARKETING_VERSION = 1.0;
				PRODUCT_BUNDLE_IDENTIFIER = com.stepanov.MyCustomNotes;
				PRODUCT_NAME = "$(TARGET_NAME)";
				SWIFT_EMIT_LOC_STRINGS = YES;
				SWIFT_VERSION = 5.0;
				TARGETED_DEVICE_FAMILY = "1,2";
			};
			name = Debug;
		};
		77DD44FC28D0CA35003B455A /* Release */ = {
			isa = XCBuildConfiguration;
			buildSettings = {
				ASSETCATALOG_COMPILER_APPICON_NAME = AppIcon;
				ASSETCATALOG_COMPILER_GLOBAL_ACCENT_COLOR_NAME = AccentColor;
				CODE_SIGN_STYLE = Automatic;
				CURRENT_PROJECT_VERSION = 1;
				DEVELOPMENT_TEAM = D2W2A64UR5;
				GENERATE_INFOPLIST_FILE = YES;
				INFOPLIST_FILE = MyCustomNotes/Info.plist;
				INFOPLIST_KEY_UIApplicationSupportsIndirectInputEvents = YES;
				INFOPLIST_KEY_UILaunchStoryboardName = LaunchScreen;
				INFOPLIST_KEY_UIMainStoryboardFile = Main;
				INFOPLIST_KEY_UISupportedInterfaceOrientations_iPad = "UIInterfaceOrientationPortrait UIInterfaceOrientationPortraitUpsideDown UIInterfaceOrientationLandscapeLeft UIInterfaceOrientationLandscapeRight";
				INFOPLIST_KEY_UISupportedInterfaceOrientations_iPhone = "UIInterfaceOrientationPortrait UIInterfaceOrientationLandscapeLeft UIInterfaceOrientationLandscapeRight";
				LD_RUNPATH_SEARCH_PATHS = (
					"$(inherited)",
					"@executable_path/Frameworks",
				);
				MARKETING_VERSION = 1.0;
				PRODUCT_BUNDLE_IDENTIFIER = com.stepanov.MyCustomNotes;
				PRODUCT_NAME = "$(TARGET_NAME)";
				SWIFT_EMIT_LOC_STRINGS = YES;
				SWIFT_VERSION = 5.0;
				TARGETED_DEVICE_FAMILY = "1,2";
			};
			name = Release;
		};
/* End XCBuildConfiguration section */

/* Begin XCConfigurationList section */
		77DD44DE28D0CA32003B455A /* Build configuration list for PBXProject "MyCustomNotes" */ = {
			isa = XCConfigurationList;
			buildConfigurations = (
				77DD44F828D0CA35003B455A /* Debug */,
				77DD44F928D0CA35003B455A /* Release */,
			);
			defaultConfigurationIsVisible = 0;
			defaultConfigurationName = Release;
		};
		77DD44FA28D0CA35003B455A /* Build configuration list for PBXNativeTarget "MyCustomNotes" */ = {
			isa = XCConfigurationList;
			buildConfigurations = (
				77DD44FB28D0CA35003B455A /* Debug */,
				77DD44FC28D0CA35003B455A /* Release */,
			);
			defaultConfigurationIsVisible = 0;
			defaultConfigurationName = Release;
		};
/* End XCConfigurationList section */

/* Begin XCVersionGroup section */
		77DD44EF28D0CA32003B455A /* MyCustomNotes.xcdatamodeld */ = {
			isa = XCVersionGroup;
			children = (
				77DD44F028D0CA32003B455A /* MyCustomNotes.xcdatamodel */,
			);
			currentVersion = 77DD44F028D0CA32003B455A /* MyCustomNotes.xcdatamodel */;
			path = MyCustomNotes.xcdatamodeld;
			sourceTree = "<group>";
			versionGroupType = wrapper.xcdatamodel;
		};
/* End XCVersionGroup section */
	};
	rootObject = 77DD44DB28D0CA32003B455A /* Project object */;
}
